# @generated by Move, please check-in and do not edit manually.

[move]
version = 3
manifest_digest = "15FA6EC4F3743A1CE706A8E1A86548D3B02612FAD8D53BD4F62627CC778A2691"
deps_digest = "F8BBB0CCB2491CA29A3DF03D6F92277A4F3574266507ACD77214D37ECA3F3082"
dependencies = [
  { id = "Sui", name = "Sui" },
]

[[move.package]]
id = "MoveStdlib"
source = { git = "https://github.com/MystenLabs/sui.git", rev = "framework/testnet", subdir = "crates/sui-framework/packages/move-stdlib" }

[[move.package]]
id = "Sui"
source = { git = "https://github.com/MystenLabs/sui.git", rev = "framework/testnet", subdir = "crates/sui-framework/packages/sui-framework" }

dependencies = [
  { id = "MoveStdlib", name = "MoveStdlib" },
]

[move.toolchain-version]
compiler-version = "1.53.2"
edition = "2024.beta"
flavor = "sui"

[env]

[env.testnet]
chain-id = "4c78adac"
original-published-id = "0xcb381d2853694ec22e2fdc33c172d9bca36897e9ddd20784608b1af6f7a1df45"
latest-published-id = "0xcb381d2853694ec22e2fdc33c172d9bca36897e9ddd20784608b1af6f7a1df45"
published-version = "1"
