# @generated by Move, please check-in and do not edit manually.

[move]
version = 3
manifest_digest = "227C00185788022E84FC01E6D23393E2C99ECA9BB32A25B3246B848F6C6CDD86"
deps_digest = "F8BBB0CCB2491CA29A3DF03D6F92277A4F3574266507ACD77214D37ECA3F3082"
dependencies = [
  { id = "Sui", name = "Sui" },
]

[[move.package]]
id = "MoveStdlib"
source = { git = "https://github.com/MystenLabs/sui.git", rev = "framework/testnet", subdir = "crates/sui-framework/packages/move-stdlib" }

[[move.package]]
id = "Sui"
source = { git = "https://github.com/MystenLabs/sui.git", rev = "framework/testnet", subdir = "crates/sui-framework/packages/sui-framework" }

dependencies = [
  { id = "MoveStdlib", name = "MoveStdlib" },
]

[move.toolchain-version]
compiler-version = "1.53.2"
edition = "2024.beta"
flavor = "sui"

[env]

[env.testnet]
chain-id = "4c78adac"
original-published-id = "0xa1818ad3bd428551eb1b6330dabe007270065630b2694cc26982afab0bb1cb07"
latest-published-id = "0xa1818ad3bd428551eb1b6330dabe007270065630b2694cc26982afab0bb1cb07"
published-version = "1"
