# @generated by Move, please check-in and do not edit manually.

[move]
version = 3
manifest_digest = "A0C7CA8FFDF5C408FDF51B9E9F032E4D8575CAD483C69C97C79275137D8C5F97"
deps_digest = "F8BBB0CCB2491CA29A3DF03D6F92277A4F3574266507ACD77214D37ECA3F3082"
dependencies = [
  { id = "Sui", name = "Sui" },
]

[[move.package]]
id = "MoveStdlib"
source = { git = "https://github.com/MystenLabs/sui.git", rev = "framework/testnet", subdir = "crates/sui-framework/packages/move-stdlib" }

[[move.package]]
id = "Sui"
source = { git = "https://github.com/MystenLabs/sui.git", rev = "framework/testnet", subdir = "crates/sui-framework/packages/sui-framework" }

dependencies = [
  { id = "MoveStdlib", name = "MoveStdlib" },
]

[move.toolchain-version]
compiler-version = "1.53.2"
edition = "2024.beta"
flavor = "sui"

[env]

[env.testnet]
chain-id = "4c78adac"
original-published-id = "0xfcc18222140ac7eb4988223d7064153e90393f1117b338865bbaa111a3eef265"
latest-published-id = "0xfcc18222140ac7eb4988223d7064153e90393f1117b338865bbaa111a3eef265"
published-version = "1"
